// !$*UTF8*$!
{
	archiveVersion = 1;
	classes = {
	};
	objectVersion = 60;
	objects = {

/* Begin PBXBuildFile section */
		3D0938442F8E6EB300371EAE /* Assets.xcassets in Resources */ = {isa = PBXBuildFile; fileRef = 3D0938432F8E6EB300371EAE /* Assets.xcassets */; };
		A10000000000000000000001 /* AppConfig.swift in Sources */ = {isa = PBXBuildFile; fileRef = A20000000000000000000001 /* AppConfig.swift */; };
		A10000000000000000000002 /* TaiAssistantApp.swift in Sources */ = {isa = PBXBuildFile; fileRef = A20000000000000000000002 /* TaiAssistantApp.swift */; };
		A10000000000000000000003 /* AppDependencies.swift in Sources */ = {isa = PBXBuildFile; fileRef = A20000000000000000000003 /* AppDependencies.swift */; };
		A10000000000000000000004 /* AppShellView.swift in Sources */ = {isa = PBXBuildFile; fileRef = A20000000000000000000004 /* AppShellView.swift */; };
		A10000000000000000000005 /* AskTaiEntrySheet.swift in Sources */ = {isa = PBXBuildFile; fileRef = A20000000000000000000005 /* AskTaiEntrySheet.swift */; };
		A10000000000000000000006 /* DashboardCard.swift in Sources */ = {isa = PBXBuildFile; fileRef = A20000000000000000000006 /* DashboardCard.swift */; };
		A10000000000000000000007 /* FloatingAskTaiButton.swift in Sources */ = {isa = PBXBuildFile; fileRef = A20000000000000000000007 /* FloatingAskTaiButton.swift */; };
		A10000000000000000000008 /* PrimaryCard.swift in Sources */ = {isa = PBXBuildFile; fileRef = A20000000000000000000008 /* PrimaryCard.swift */; };
		A10000000000000000000009 /* DSColor.swift in Sources */ = {isa = PBXBuildFile; fileRef = A20000000000000000000009 /* DSColor.swift */; };
		A1000000000000000000000A /* DSSpacing.swift in Sources */ = {isa = PBXBuildFile; fileRef = A2000000000000000000000A /* DSSpacing.swift */; };
		A1000000000000000000000B /* AppModelContainerFactory.swift in Sources */ = {isa = PBXBuildFile; fileRef = A2000000000000000000000B /* AppModelContainerFactory.swift */; };
		A1000000000000000000000C /* PersistenceService.swift in Sources */ = {isa = PBXBuildFile; fileRef = A2000000000000000000000C /* PersistenceService.swift */; };
		A1000000000000000000000D /* PreviewSeedData.swift in Sources */ = {isa = PBXBuildFile; fileRef = A2000000000000000000000D /* PreviewSeedData.swift */; };
		A1000000000000000000000E /* PersistentModels.swift in Sources */ = {isa = PBXBuildFile; fileRef = A2000000000000000000000E /* PersistentModels.swift */; };
		A1000000000000000000000F /* LocalSwiftDataRepositories.swift in Sources */ = {isa = PBXBuildFile; fileRef = A2000000000000000000000F /* LocalSwiftDataRepositories.swift */; };
		A10000000000000000000010 /* MockServices.swift in Sources */ = {isa = PBXBuildFile; fileRef = A20000000000000000000010 /* MockServices.swift */; };
		A10000000000000000000011 /* AIService.swift in Sources */ = {isa = PBXBuildFile; fileRef = A20000000000000000000011 /* AIService.swift */; };
		A10000000000000000000012 /* GoalRepository.swift in Sources */ = {isa = PBXBuildFile; fileRef = A20000000000000000000012 /* GoalRepository.swift */; };
		A10000000000000000000013 /* HealthService.swift in Sources */ = {isa = PBXBuildFile; fileRef = A20000000000000000000013 /* HealthService.swift */; };
		A10000000000000000000014 /* MealRepository.swift in Sources */ = {isa = PBXBuildFile; fileRef = A20000000000000000000014 /* MealRepository.swift */; };
		A10000000000000000000015 /* PersistenceRepositories.swift in Sources */ = {isa = PBXBuildFile; fileRef = A20000000000000000000015 /* PersistenceRepositories.swift */; };
		A10000000000000000000016 /* DashboardView.swift in Sources */ = {isa = PBXBuildFile; fileRef = A20000000000000000000016 /* DashboardView.swift */; };
		A10000000000000000000017 /* GoalsView.swift in Sources */ = {isa = PBXBuildFile; fileRef = A20000000000000000000017 /* GoalsView.swift */; };
		A10000000000000000000018 /* AskTaiMockResponse.swift in Sources */ = {isa = PBXBuildFile; fileRef = A20000000000000000000018 /* AskTaiMockResponse.swift */; };
		A10000000000000000000019 /* AskTaiResponseView.swift in Sources */ = {isa = PBXBuildFile; fileRef = A20000000000000000000019 /* AskTaiResponseView.swift */; };
		A1000000000000000000001A /* MealCaptureModels.swift in Sources */ = {isa = PBXBuildFile; fileRef = A2000000000000000000001A /* MealCaptureModels.swift */; };
		A1000000000000000000001B /* MealCaptureMockEstimator.swift in Sources */ = {isa = PBXBuildFile; fileRef = A2000000000000000000001B /* MealCaptureMockEstimator.swift */; };
		A1000000000000000000001C /* MealCaptureFlowView.swift in Sources */ = {isa = PBXBuildFile; fileRef = A2000000000000000000001C /* MealCaptureFlowView.swift */; };
		A1000000000000000000001D /* CheckInModels.swift in Sources */ = {isa = PBXBuildFile; fileRef = A2000000000000000000001D /* CheckInModels.swift */; };
		A1000000000000000000001E /* CheckInMockInterpreter.swift in Sources */ = {isa = PBXBuildFile; fileRef = A2000000000000000000001E /* CheckInMockInterpreter.swift */; };
		A1000000000000000000001F /* CheckInView.swift in Sources */ = {isa = PBXBuildFile; fileRef = A2000000000000000000001F /* CheckInView.swift */; };
		A10000000000000000000020 /* CheckInCameraController.swift in Sources */ = {isa = PBXBuildFile; fileRef = A20000000000000000000020 /* CheckInCameraController.swift */; };
		A10000000000000000000021 /* CheckInCameraView.swift in Sources */ = {isa = PBXBuildFile; fileRef = A20000000000000000000021 /* CheckInCameraView.swift */; };
		A10000000000000000000022 /* CheckInPhotoUploadPreprocessor.swift in Sources */ = {isa = PBXBuildFile; fileRef = A20000000000000000000022 /* CheckInPhotoUploadPreprocessor.swift */; };
		A10000000000000000000031 /* CheckInViewModel.swift in Sources */ = {isa = PBXBuildFile; fileRef = A20000000000000000000031 /* CheckInViewModel.swift */; };
		A10000000000000000000032 /* AppLegalLinks.swift in Sources */ = {isa = PBXBuildFile; fileRef = A20000000000000000000032 /* AppLegalLinks.swift */; };
		A10000000000000000000033 /* AIDataProcessingConsent.swift in Sources */ = {isa = PBXBuildFile; fileRef = A20000000000000000000033 /* AIDataProcessingConsent.swift */; };
		A10000000000000000000034 /* NutritionEstimateDisclaimer.swift in Sources */ = {isa = PBXBuildFile; fileRef = A20000000000000000000034 /* NutritionEstimateDisclaimer.swift */; };
		A10000000000000000000035 /* PreviewFeatureBadge.swift in Sources */ = {isa = PBXBuildFile; fileRef = A20000000000000000000035 /* PreviewFeatureBadge.swift */; };
		A10000000000000000000036 /* AIDisclosureFootnote.swift in Sources */ = {isa = PBXBuildFile; fileRef = A20000000000000000000038 /* AIDisclosureFootnote.swift */; };

		A10000000000000000000040 /* CoachBriefingModels.swift in Sources */ = {isa = PBXBuildFile; fileRef = A20000000000000000000040 /* CoachBriefingModels.swift */; };
		A10000000000000000000041 /* DailyCoachBriefingBuilder.swift in Sources */ = {isa = PBXBuildFile; fileRef = A20000000000000000000041 /* DailyCoachBriefingBuilder.swift */; };
		A10000000000000000000042 /* CoachBriefingInputFactory.swift in Sources */ = {isa = PBXBuildFile; fileRef = A20000000000000000000042 /* CoachBriefingInputFactory.swift */; };
		A10000000000000000000043 /* HomeBriefingView.swift in Sources */ = {isa = PBXBuildFile; fileRef = A20000000000000000000043 /* HomeBriefingView.swift */; };
		A10000000000000000000044 /* RecommendationWhySheet.swift in Sources */ = {isa = PBXBuildFile; fileRef = A20000000000000000000044 /* RecommendationWhySheet.swift */; };
		A10000000000000000000045 /* CoachView.swift in Sources */ = {isa = PBXBuildFile; fileRef = A20000000000000000000045 /* CoachView.swift */; };
		A10000000000000000000046 /* CheckInChooserView.swift in Sources */ = {isa = PBXBuildFile; fileRef = A20000000000000000000046 /* CheckInChooserView.swift */; };
		A10000000000000000000047 /* AnalyticsClient.swift in Sources */ = {isa = PBXBuildFile; fileRef = A20000000000000000000047 /* AnalyticsClient.swift */; };
		A10000000000000000000048 /* DailyCoachBriefingBuilderTests.swift in Sources */ = {isa = PBXBuildFile; fileRef = A20000000000000000000048 /* DailyCoachBriefingBuilderTests.swift */; };
		A10000000000000000000049 /* NavigationShellContractTests.swift in Sources */ = {isa = PBXBuildFile; fileRef = A20000000000000000000049 /* NavigationShellContractTests.swift */; };
		A10000000000000000000050 /* ConversationModels.swift in Sources */ = {isa = PBXBuildFile; fileRef = A20000000000000000000050 /* ConversationModels.swift */; };
		A10000000000000000000051 /* ConversationSessionStore.swift in Sources */ = {isa = PBXBuildFile; fileRef = A20000000000000000000051 /* ConversationSessionStore.swift */; };
		A10000000000000000000052 /* MealCapabilityModels.swift in Sources */ = {isa = PBXBuildFile; fileRef = A20000000000000000000052 /* MealCapabilityModels.swift */; };
		A10000000000000000000053 /* MealCapabilityController.swift in Sources */ = {isa = PBXBuildFile; fileRef = A20000000000000000000053 /* MealCapabilityController.swift */; };
		A10000000000000000000054 /* MealEstimateCardView.swift in Sources */ = {isa = PBXBuildFile; fileRef = A20000000000000000000054 /* MealEstimateCardView.swift */; };
		A10000000000000000000055 /* ConversationViewModel.swift in Sources */ = {isa = PBXBuildFile; fileRef = A20000000000000000000055 /* ConversationViewModel.swift */; };
		A10000000000000000000056 /* ConversationView.swift in Sources */ = {isa = PBXBuildFile; fileRef = A20000000000000000000056 /* ConversationView.swift */; };
		A10000000000000000000057 /* ConversationComposerView.swift in Sources */ = {isa = PBXBuildFile; fileRef = A20000000000000000000057 /* ConversationComposerView.swift */; };
		A10000000000000000000058 /* ConversationMessageRenderer.swift in Sources */ = {isa = PBXBuildFile; fileRef = A20000000000000000000058 /* ConversationMessageRenderer.swift */; };
		A10000000000000000000059 /* TaiConversationContainerView.swift in Sources */ = {isa = PBXBuildFile; fileRef = A20000000000000000000059 /* TaiConversationContainerView.swift */; };
		A1000000000000000000005A /* ConversationStateTransitionTests.swift in Sources */ = {isa = PBXBuildFile; fileRef = A2000000000000000000005A /* ConversationStateTransitionTests.swift */; };
		A1000000000000000000005B /* MealCapabilityConfirmationTests.swift in Sources */ = {isa = PBXBuildFile; fileRef = A2000000000000000000005B /* MealCapabilityConfirmationTests.swift */; };
		A1000000000000000000005C /* ConversationQuickActionLifecycleTests.swift in Sources */ = {isa = PBXBuildFile; fileRef = A2000000000000000000005C /* ConversationQuickActionLifecycleTests.swift */; };
		A10000000000000000000060 /* ConversationPersistentModels.swift in Sources */ = {isa = PBXBuildFile; fileRef = A20000000000000000000060 /* ConversationPersistentModels.swift */; };
		A10000000000000000000061 /* ActiveConversationRepository.swift in Sources */ = {isa = PBXBuildFile; fileRef = A20000000000000000000061 /* ActiveConversationRepository.swift */; };
		A10000000000000000000062 /* ConversationSnapshotCodec.swift in Sources */ = {isa = PBXBuildFile; fileRef = A20000000000000000000062 /* ConversationSnapshotCodec.swift */; };
		A10000000000000000000063 /* ConversationRestoration.swift in Sources */ = {isa = PBXBuildFile; fileRef = A20000000000000000000063 /* ConversationRestoration.swift */; };
		A10000000000000000000064 /* LocalSwiftDataActiveConversationRepository.swift in Sources */ = {isa = PBXBuildFile; fileRef = A20000000000000000000064 /* LocalSwiftDataActiveConversationRepository.swift */; };
		A10000000000000000000065 /* ConversationPersistenceTests.swift in Sources */ = {isa = PBXBuildFile; fileRef = A20000000000000000000065 /* ConversationPersistenceTests.swift */; };
		A10000000000000000000066 /* ConversationStartupProbe.swift in Sources */ = {isa = PBXBuildFile; fileRef = A20000000000000000000066 /* ConversationStartupProbe.swift */; };
		A10000000000000000000067 /* ActiveConversationSessionController.swift in Sources */ = {isa = PBXBuildFile; fileRef = A20000000000000000000067 /* ActiveConversationSessionController.swift */; };
		A10000000000000000000068 /* TaiLaunchIntent.swift in Sources */ = {isa = PBXBuildFile; fileRef = A20000000000000000000068 /* TaiLaunchIntent.swift */; };
		A10000000000000000000069 /* ConversationSessionRegressionTests.swift in Sources */ = {isa = PBXBuildFile; fileRef = A20000000000000000000069 /* ConversationSessionRegressionTests.swift */; };
		A1000000000000000000006A /* MultiMealDraftIntegrityTests.swift in Sources */ = {isa = PBXBuildFile; fileRef = A2000000000000000000006A /* MultiMealDraftIntegrityTests.swift */; };
/* End PBXBuildFile section */

/* Begin PBXFileReference section */
		3D0938432F8E6EB300371EAE /* Assets.xcassets */ = {isa = PBXFileReference; lastKnownFileType = folder.assetcatalog; path = Assets.xcassets; sourceTree = "<group>"; };
		A20000000000000000000001 /* AppConfig.swift */ = {isa = PBXFileReference; lastKnownFileType = sourcecode.swift; path = AppConfig.swift; sourceTree = "<group>"; };
		A20000000000000000000002 /* TaiAssistantApp.swift */ = {isa = PBXFileReference; lastKnownFileType = sourcecode.swift; path = TaiAssistantApp.swift; sourceTree = "<group>"; };
		A20000000000000000000003 /* AppDependencies.swift */ = {isa = PBXFileReference; lastKnownFileType = sourcecode.swift; path = AppDependencies.swift; sourceTree = "<group>"; };
		A20000000000000000000004 /* AppShellView.swift */ = {isa = PBXFileReference; lastKnownFileType = sourcecode.swift; path = AppShellView.swift; sourceTree = "<group>"; };
		A20000000000000000000005 /* AskTaiEntrySheet.swift */ = {isa = PBXFileReference; lastKnownFileType = sourcecode.swift; path = AskTaiEntrySheet.swift; sourceTree = "<group>"; };
		A20000000000000000000006 /* DashboardCard.swift */ = {isa = PBXFileReference; lastKnownFileType = sourcecode.swift; path = DashboardCard.swift; sourceTree = "<group>"; };
		A20000000000000000000007 /* FloatingAskTaiButton.swift */ = {isa = PBXFileReference; lastKnownFileType = sourcecode.swift; path = FloatingAskTaiButton.swift; sourceTree = "<group>"; };
		A20000000000000000000008 /* PrimaryCard.swift */ = {isa = PBXFileReference; lastKnownFileType = sourcecode.swift; path = PrimaryCard.swift; sourceTree = "<group>"; };
		A20000000000000000000009 /* DSColor.swift */ = {isa = PBXFileReference; lastKnownFileType = sourcecode.swift; path = DSColor.swift; sourceTree = "<group>"; };
		A2000000000000000000000A /* DSSpacing.swift */ = {isa = PBXFileReference; lastKnownFileType = sourcecode.swift; path = DSSpacing.swift; sourceTree = "<group>"; };
		A2000000000000000000000B /* AppModelContainerFactory.swift */ = {isa = PBXFileReference; lastKnownFileType = sourcecode.swift; path = AppModelContainerFactory.swift; sourceTree = "<group>"; };
		A2000000000000000000000C /* PersistenceService.swift */ = {isa = PBXFileReference; lastKnownFileType = sourcecode.swift; path = PersistenceService.swift; sourceTree = "<group>"; };
		A2000000000000000000000D /* PreviewSeedData.swift */ = {isa = PBXFileReference; lastKnownFileType = sourcecode.swift; path = PreviewSeedData.swift; sourceTree = "<group>"; };
		A2000000000000000000000E /* PersistentModels.swift */ = {isa = PBXFileReference; lastKnownFileType = sourcecode.swift; path = PersistentModels.swift; sourceTree = "<group>"; };
		A2000000000000000000000F /* LocalSwiftDataRepositories.swift */ = {isa = PBXFileReference; lastKnownFileType = sourcecode.swift; path = LocalSwiftDataRepositories.swift; sourceTree = "<group>"; };
		A20000000000000000000010 /* MockServices.swift */ = {isa = PBXFileReference; lastKnownFileType = sourcecode.swift; path = MockServices.swift; sourceTree = "<group>"; };
		A20000000000000000000011 /* AIService.swift */ = {isa = PBXFileReference; lastKnownFileType = sourcecode.swift; path = AIService.swift; sourceTree = "<group>"; };
		A20000000000000000000012 /* GoalRepository.swift */ = {isa = PBXFileReference; lastKnownFileType = sourcecode.swift; path = GoalRepository.swift; sourceTree = "<group>"; };
		A20000000000000000000013 /* HealthService.swift */ = {isa = PBXFileReference; lastKnownFileType = sourcecode.swift; path = HealthService.swift; sourceTree = "<group>"; };
		A20000000000000000000014 /* MealRepository.swift */ = {isa = PBXFileReference; lastKnownFileType = sourcecode.swift; path = MealRepository.swift; sourceTree = "<group>"; };
		A20000000000000000000015 /* PersistenceRepositories.swift */ = {isa = PBXFileReference; lastKnownFileType = sourcecode.swift; path = PersistenceRepositories.swift; sourceTree = "<group>"; };
		A20000000000000000000016 /* DashboardView.swift */ = {isa = PBXFileReference; lastKnownFileType = sourcecode.swift; path = DashboardView.swift; sourceTree = "<group>"; };
		A20000000000000000000017 /* GoalsView.swift */ = {isa = PBXFileReference; lastKnownFileType = sourcecode.swift; path = GoalsView.swift; sourceTree = "<group>"; };
		A20000000000000000000018 /* AskTaiMockResponse.swift */ = {isa = PBXFileReference; lastKnownFileType = sourcecode.swift; path = AskTaiMockResponse.swift; sourceTree = "<group>"; };
		A20000000000000000000019 /* AskTaiResponseView.swift */ = {isa = PBXFileReference; lastKnownFileType = sourcecode.swift; path = AskTaiResponseView.swift; sourceTree = "<group>"; };
		A2000000000000000000001A /* MealCaptureModels.swift */ = {isa = PBXFileReference; lastKnownFileType = sourcecode.swift; path = MealCaptureModels.swift; sourceTree = "<group>"; };
		A2000000000000000000001B /* MealCaptureMockEstimator.swift */ = {isa = PBXFileReference; lastKnownFileType = sourcecode.swift; path = MealCaptureMockEstimator.swift; sourceTree = "<group>"; };
		A2000000000000000000001C /* MealCaptureFlowView.swift */ = {isa = PBXFileReference; lastKnownFileType = sourcecode.swift; path = MealCaptureFlowView.swift; sourceTree = "<group>"; };
		A2000000000000000000001D /* CheckInModels.swift */ = {isa = PBXFileReference; lastKnownFileType = sourcecode.swift; path = CheckInModels.swift; sourceTree = "<group>"; };
		A2000000000000000000001E /* CheckInMockInterpreter.swift */ = {isa = PBXFileReference; lastKnownFileType = sourcecode.swift; path = CheckInMockInterpreter.swift; sourceTree = "<group>"; };
		A2000000000000000000001F /* CheckInView.swift */ = {isa = PBXFileReference; lastKnownFileType = sourcecode.swift; path = CheckInView.swift; sourceTree = "<group>"; };
		A20000000000000000000020 /* CheckInCameraController.swift */ = {isa = PBXFileReference; lastKnownFileType = sourcecode.swift; path = CheckInCameraController.swift; sourceTree = "<group>"; };
		A20000000000000000000021 /* CheckInCameraView.swift */ = {isa = PBXFileReference; lastKnownFileType = sourcecode.swift; path = CheckInCameraView.swift; sourceTree = "<group>"; };
		A20000000000000000000022 /* CheckInPhotoUploadPreprocessor.swift */ = {isa = PBXFileReference; lastKnownFileType = sourcecode.swift; path = CheckInPhotoUploadPreprocessor.swift; sourceTree = "<group>"; };
		A20000000000000000000031 /* CheckInViewModel.swift */ = {isa = PBXFileReference; lastKnownFileType = sourcecode.swift; path = CheckInViewModel.swift; sourceTree = "<group>"; };
		A20000000000000000000032 /* AppLegalLinks.swift */ = {isa = PBXFileReference; lastKnownFileType = sourcecode.swift; path = AppLegalLinks.swift; sourceTree = "<group>"; };
		A20000000000000000000033 /* AIDataProcessingConsent.swift */ = {isa = PBXFileReference; lastKnownFileType = sourcecode.swift; path = AIDataProcessingConsent.swift; sourceTree = "<group>"; };
		A20000000000000000000034 /* NutritionEstimateDisclaimer.swift */ = {isa = PBXFileReference; lastKnownFileType = sourcecode.swift; path = NutritionEstimateDisclaimer.swift; sourceTree = "<group>"; };
		A20000000000000000000035 /* PreviewFeatureBadge.swift */ = {isa = PBXFileReference; lastKnownFileType = sourcecode.swift; path = PreviewFeatureBadge.swift; sourceTree = "<group>"; };
		A20000000000000000000036 /* TaiAssistant.xcconfig */ = {isa = PBXFileReference; lastKnownFileType = text.xcconfig; path = TaiAssistant.xcconfig; sourceTree = "<group>"; };
		A20000000000000000000037 /* Secrets.xcconfig.example */ = {isa = PBXFileReference; lastKnownFileType = text.xcconfig; path = Secrets.xcconfig.example; sourceTree = "<group>"; };
		A20000000000000000000038 /* AIDisclosureFootnote.swift */ = {isa = PBXFileReference; lastKnownFileType = sourcecode.swift; path = AIDisclosureFootnote.swift; sourceTree = "<group>"; };
		A20000000000000000000039 /* SecretsInfo.plist */ = {isa = PBXFileReference; lastKnownFileType = text.plist.xml; path = SecretsInfo.plist; sourceTree = "<group>"; };
		A20000000000000000000030 /* TaiAssistant.app */ = {isa = PBXFileReference; explicitFileType = wrapper.application; path = TaiAssistant.app; sourceTree = BUILT_PRODUCTS_DIR; };
		A20000000000000000000040 /* CoachBriefingModels.swift */ = {isa = PBXFileReference; lastKnownFileType = sourcecode.swift; path = CoachBriefingModels.swift; sourceTree = "<group>"; };
		A20000000000000000000041 /* DailyCoachBriefingBuilder.swift */ = {isa = PBXFileReference; lastKnownFileType = sourcecode.swift; path = DailyCoachBriefingBuilder.swift; sourceTree = "<group>"; };
		A20000000000000000000042 /* CoachBriefingInputFactory.swift */ = {isa = PBXFileReference; lastKnownFileType = sourcecode.swift; path = CoachBriefingInputFactory.swift; sourceTree = "<group>"; };
		A20000000000000000000043 /* HomeBriefingView.swift */ = {isa = PBXFileReference; lastKnownFileType = sourcecode.swift; path = HomeBriefingView.swift; sourceTree = "<group>"; };
		A20000000000000000000044 /* RecommendationWhySheet.swift */ = {isa = PBXFileReference; lastKnownFileType = sourcecode.swift; path = RecommendationWhySheet.swift; sourceTree = "<group>"; };
		A20000000000000000000045 /* CoachView.swift */ = {isa = PBXFileReference; lastKnownFileType = sourcecode.swift; path = CoachView.swift; sourceTree = "<group>"; };
		A20000000000000000000046 /* CheckInChooserView.swift */ = {isa = PBXFileReference; lastKnownFileType = sourcecode.swift; path = CheckInChooserView.swift; sourceTree = "<group>"; };
		A20000000000000000000047 /* AnalyticsClient.swift */ = {isa = PBXFileReference; lastKnownFileType = sourcecode.swift; path = AnalyticsClient.swift; sourceTree = "<group>"; };
		A20000000000000000000048 /* DailyCoachBriefingBuilderTests.swift */ = {isa = PBXFileReference; lastKnownFileType = sourcecode.swift; path = DailyCoachBriefingBuilderTests.swift; sourceTree = "<group>"; };
		A20000000000000000000049 /* NavigationShellContractTests.swift */ = {isa = PBXFileReference; lastKnownFileType = sourcecode.swift; path = NavigationShellContractTests.swift; sourceTree = "<group>"; };
		A2000000000000000000004A /* TaiAssistantTests.xctest */ = {isa = PBXFileReference; explicitFileType = wrapper.cfbundle; includeInIndex = 0; path = TaiAssistantTests.xctest; sourceTree = BUILT_PRODUCTS_DIR; };
		A20000000000000000000050 /* ConversationModels.swift */ = {isa = PBXFileReference; lastKnownFileType = sourcecode.swift; path = ConversationModels.swift; sourceTree = "<group>"; };
		A20000000000000000000051 /* ConversationSessionStore.swift */ = {isa = PBXFileReference; lastKnownFileType = sourcecode.swift; path = ConversationSessionStore.swift; sourceTree = "<group>"; };
		A20000000000000000000052 /* MealCapabilityModels.swift */ = {isa = PBXFileReference; lastKnownFileType = sourcecode.swift; path = MealCapabilityModels.swift; sourceTree = "<group>"; };
		A20000000000000000000053 /* MealCapabilityController.swift */ = {isa = PBXFileReference; lastKnownFileType = sourcecode.swift; path = MealCapabilityController.swift; sourceTree = "<group>"; };
		A20000000000000000000054 /* MealEstimateCardView.swift */ = {isa = PBXFileReference; lastKnownFileType = sourcecode.swift; path = MealEstimateCardView.swift; sourceTree = "<group>"; };
		A20000000000000000000055 /* ConversationViewModel.swift */ = {isa = PBXFileReference; lastKnownFileType = sourcecode.swift; path = ConversationViewModel.swift; sourceTree = "<group>"; };
		A20000000000000000000056 /* ConversationView.swift */ = {isa = PBXFileReference; lastKnownFileType = sourcecode.swift; path = ConversationView.swift; sourceTree = "<group>"; };
		A20000000000000000000057 /* ConversationComposerView.swift */ = {isa = PBXFileReference; lastKnownFileType = sourcecode.swift; path = ConversationComposerView.swift; sourceTree = "<group>"; };
		A20000000000000000000058 /* ConversationMessageRenderer.swift */ = {isa = PBXFileReference; lastKnownFileType = sourcecode.swift; path = ConversationMessageRenderer.swift; sourceTree = "<group>"; };
		A20000000000000000000059 /* TaiConversationContainerView.swift */ = {isa = PBXFileReference; lastKnownFileType = sourcecode.swift; path = TaiConversationContainerView.swift; sourceTree = "<group>"; };
		A2000000000000000000005A /* ConversationStateTransitionTests.swift */ = {isa = PBXFileReference; lastKnownFileType = sourcecode.swift; path = ConversationStateTransitionTests.swift; sourceTree = "<group>"; };
		A2000000000000000000005B /* MealCapabilityConfirmationTests.swift */ = {isa = PBXFileReference; lastKnownFileType = sourcecode.swift; path = MealCapabilityConfirmationTests.swift; sourceTree = "<group>"; };
		A2000000000000000000005C /* ConversationQuickActionLifecycleTests.swift */ = {isa = PBXFileReference; lastKnownFileType = sourcecode.swift; path = ConversationQuickActionLifecycleTests.swift; sourceTree = "<group>"; };
		A20000000000000000000060 /* ConversationPersistentModels.swift */ = {isa = PBXFileReference; lastKnownFileType = sourcecode.swift; path = ConversationPersistentModels.swift; sourceTree = "<group>"; };
		A20000000000000000000061 /* ActiveConversationRepository.swift */ = {isa = PBXFileReference; lastKnownFileType = sourcecode.swift; path = ActiveConversationRepository.swift; sourceTree = "<group>"; };
		A20000000000000000000062 /* ConversationSnapshotCodec.swift */ = {isa = PBXFileReference; lastKnownFileType = sourcecode.swift; path = ConversationSnapshotCodec.swift; sourceTree = "<group>"; };
		A20000000000000000000063 /* ConversationRestoration.swift */ = {isa = PBXFileReference; lastKnownFileType = sourcecode.swift; path = ConversationRestoration.swift; sourceTree = "<group>"; };
		A20000000000000000000064 /* LocalSwiftDataActiveConversationRepository.swift */ = {isa = PBXFileReference; lastKnownFileType = sourcecode.swift; path = LocalSwiftDataActiveConversationRepository.swift; sourceTree = "<group>"; };
		A20000000000000000000065 /* ConversationPersistenceTests.swift */ = {isa = PBXFileReference; lastKnownFileType = sourcecode.swift; path = ConversationPersistenceTests.swift; sourceTree = "<group>"; };
		A20000000000000000000066 /* ConversationStartupProbe.swift */ = {isa = PBXFileReference; lastKnownFileType = sourcecode.swift; path = ConversationStartupProbe.swift; sourceTree = "<group>"; };
		A20000000000000000000067 /* ActiveConversationSessionController.swift */ = {isa = PBXFileReference; lastKnownFileType = sourcecode.swift; path = ActiveConversationSessionController.swift; sourceTree = "<group>"; };
		A20000000000000000000068 /* TaiLaunchIntent.swift */ = {isa = PBXFileReference; lastKnownFileType = sourcecode.swift; path = TaiLaunchIntent.swift; sourceTree = "<group>"; };
		A20000000000000000000069 /* ConversationSessionRegressionTests.swift */ = {isa = PBXFileReference; lastKnownFileType = sourcecode.swift; path = ConversationSessionRegressionTests.swift; sourceTree = "<group>"; };
		A2000000000000000000006A /* MultiMealDraftIntegrityTests.swift */ = {isa = PBXFileReference; lastKnownFileType = sourcecode.swift; path = MultiMealDraftIntegrityTests.swift; sourceTree = "<group>"; };
/* End PBXFileReference section */

/* Begin PBXFrameworksBuildPhase section */
		A00000000000000000000028 /* Frameworks */ = {
			isa = PBXFrameworksBuildPhase;
			buildActionMask = 2147483647;
			files = (
			);
			runOnlyForDeploymentPostprocessing = 0;
		};

		A00000000000000000000067 /* Frameworks */ = {
			isa = PBXFrameworksBuildPhase;
			buildActionMask = 2147483647;
			files = (
			);
			runOnlyForDeploymentPostprocessing = 0;
		};
/* End PBXFrameworksBuildPhase section */

/* Begin PBXGroup section */
		A00000000000000000000002 = {
			isa = PBXGroup;
			children = (
				3D0938432F8E6EB300371EAE /* Assets.xcassets */,
				A00000000000000000000004 /* TaiAssistant/App */,
				A0000000000000000000001E /* TaiAssistant/Config */,
				A00000000000000000000005 /* TaiAssistant/Core */,
				A00000000000000000000006 /* TaiAssistant/Features */,
				A00000000000000000000060 /* TaiAssistantTests */,
				A00000000000000000000003 /* Products */,
			);
			sourceTree = "<group>";
		};
		A00000000000000000000003 /* Products */ = {
			isa = PBXGroup;
			children = (
				A20000000000000000000030 /* TaiAssistant.app */,
				A2000000000000000000004A /* TaiAssistantTests.xctest */,
			);
			name = Products;
			sourceTree = "<group>";
		};
		A00000000000000000000004 /* TaiAssistant/App */ = {
			isa = PBXGroup;
			children = (
				A20000000000000000000001 /* AppConfig.swift */,
				A00000000000000000000007 /* Dependencies */,
				A00000000000000000000008 /* Navigation */,
				A20000000000000000000002 /* TaiAssistantApp.swift */,
			);
			path = TaiAssistant/App;
			sourceTree = "<group>";
		};
		A00000000000000000000005 /* TaiAssistant/Core */ = {
			isa = PBXGroup;
			children = (
				A00000000000000000000061 /* Analytics */,
				A00000000000000000000009 /* DesignSystem */,
				A0000000000000000000001F /* Legal */,
				A00000000000000000000010 /* Persistence */,
				A00000000000000000000011 /* Services */,
			);
			path = TaiAssistant/Core;
			sourceTree = "<group>";
		};
		A0000000000000000000001E /* TaiAssistant/Config */ = {
			isa = PBXGroup;
			children = (
				A20000000000000000000036 /* TaiAssistant.xcconfig */,
				A20000000000000000000037 /* Secrets.xcconfig.example */,
				A20000000000000000000039 /* SecretsInfo.plist */,
			);
			path = TaiAssistant/Config;
			sourceTree = "<group>";
		};
		A0000000000000000000001F /* Legal */ = {
			isa = PBXGroup;
			children = (
				A20000000000000000000032 /* AppLegalLinks.swift */,
				A20000000000000000000033 /* AIDataProcessingConsent.swift */,
				A20000000000000000000038 /* AIDisclosureFootnote.swift */,
			);
			path = Legal;
			sourceTree = "<group>";
		};
		A00000000000000000000006 /* TaiAssistant/Features */ = {
			isa = PBXGroup;
			children = (
				A0000000000000000000001A /* AskTai/Presentation */,
				A0000000000000000000001D /* CheckIn/Presentation */,
				A00000000000000000000062 /* Coach */,
				A00000000000000000000070 /* Conversation */,
				A00000000000000000000018 /* Dashboard/Presentation */,
				A00000000000000000000019 /* Goals/Presentation */,
				A00000000000000000000063 /* Home */,
				A0000000000000000000001B /* MealCapture/Presentation */,
			);
			path = TaiAssistant/Features;
			sourceTree = "<group>";
		};
		A00000000000000000000007 /* Dependencies */ = {
			isa = PBXGroup;
			children = (
				A20000000000000000000003 /* AppDependencies.swift */,
			);
			path = Dependencies;
			sourceTree = "<group>";
		};
		A00000000000000000000008 /* Navigation */ = {
			isa = PBXGroup;
			children = (
				A20000000000000000000004 /* AppShellView.swift */,
				A20000000000000000000068 /* TaiLaunchIntent.swift */,
			);
			path = Navigation;
			sourceTree = "<group>";
		};
		A00000000000000000000009 /* DesignSystem */ = {
			isa = PBXGroup;
			children = (
				A00000000000000000000012 /* Components */,
				A00000000000000000000013 /* Tokens */,
			);
			path = DesignSystem;
			sourceTree = "<group>";
		};
		A00000000000000000000010 /* Persistence */ = {
			isa = PBXGroup;
			children = (
				A2000000000000000000000B /* AppModelContainerFactory.swift */,
				A00000000000000000000014 /* Models */,
				A2000000000000000000000C /* PersistenceService.swift */,
				A2000000000000000000000D /* PreviewSeedData.swift */,
				A00000000000000000000015 /* Repositories */,
			);
			path = Persistence;
			sourceTree = "<group>";
		};
		A00000000000000000000011 /* Services */ = {
			isa = PBXGroup;
			children = (
				A00000000000000000000016 /* Mocks */,
				A00000000000000000000017 /* Protocols */,
			);
			path = Services;
			sourceTree = "<group>";
		};
		A00000000000000000000012 /* Components */ = {
			isa = PBXGroup;
			children = (
				A20000000000000000000005 /* AskTaiEntrySheet.swift */,
				A20000000000000000000006 /* DashboardCard.swift */,
				A20000000000000000000007 /* FloatingAskTaiButton.swift */,
				A20000000000000000000034 /* NutritionEstimateDisclaimer.swift */,
				A20000000000000000000008 /* PrimaryCard.swift */,
				A20000000000000000000035 /* PreviewFeatureBadge.swift */,
			);
			path = Components;
			sourceTree = "<group>";
		};
		A00000000000000000000013 /* Tokens */ = {
			isa = PBXGroup;
			children = (
				A20000000000000000000009 /* DSColor.swift */,
				A2000000000000000000000A /* DSSpacing.swift */,
			);
			path = Tokens;
			sourceTree = "<group>";
		};
		A00000000000000000000014 /* Models */ = {
			isa = PBXGroup;
			children = (
				A2000000000000000000000E /* PersistentModels.swift */,
				A20000000000000000000060 /* ConversationPersistentModels.swift */,
			);
			path = Models;
			sourceTree = "<group>";
		};
		A00000000000000000000015 /* Repositories */ = {
			isa = PBXGroup;
			children = (
				A2000000000000000000000F /* LocalSwiftDataRepositories.swift */,
			);
			path = Repositories;
			sourceTree = "<group>";
		};
		A00000000000000000000016 /* Mocks */ = {
			isa = PBXGroup;
			children = (
				A20000000000000000000010 /* MockServices.swift */,
			);
			path = Mocks;
			sourceTree = "<group>";
		};
		A00000000000000000000017 /* Protocols */ = {
			isa = PBXGroup;
			children = (
				A20000000000000000000011 /* AIService.swift */,
				A20000000000000000000012 /* GoalRepository.swift */,
				A20000000000000000000013 /* HealthService.swift */,
				A20000000000000000000014 /* MealRepository.swift */,
				A20000000000000000000015 /* PersistenceRepositories.swift */,
				A20000000000000000000061 /* ActiveConversationRepository.swift */,
			);
			path = Protocols;
			sourceTree = "<group>";
		};
		A00000000000000000000018 /* Dashboard/Presentation */ = {
			isa = PBXGroup;
			children = (
				A20000000000000000000016 /* DashboardView.swift */,
			);
			path = Dashboard/Presentation;
			sourceTree = "<group>";
		};
		A00000000000000000000019 /* Goals/Presentation */ = {
			isa = PBXGroup;
			children = (
				A20000000000000000000017 /* GoalsView.swift */,
			);
			path = Goals/Presentation;
			sourceTree = "<group>";
		};
		A0000000000000000000001A /* AskTai/Presentation */ = {
			isa = PBXGroup;
			children = (
				A20000000000000000000018 /* AskTaiMockResponse.swift */,
				A20000000000000000000019 /* AskTaiResponseView.swift */,
			);
			path = AskTai/Presentation;
			sourceTree = "<group>";
		};
		A0000000000000000000001B /* MealCapture/Presentation */ = {
			isa = PBXGroup;
			children = (
				A2000000000000000000001A /* MealCaptureModels.swift */,
				A2000000000000000000001B /* MealCaptureMockEstimator.swift */,
				A2000000000000000000001C /* MealCaptureFlowView.swift */,
			);
			path = MealCapture/Presentation;
			sourceTree = "<group>";
		};
		A0000000000000000000001D /* CheckIn/Presentation */ = {
			isa = PBXGroup;
			children = (
				A20000000000000000000046 /* CheckInChooserView.swift */,
				A2000000000000000000001D /* CheckInModels.swift */,
				A2000000000000000000001E /* CheckInMockInterpreter.swift */,
				A2000000000000000000001F /* CheckInView.swift */,
				A20000000000000000000020 /* CheckInCameraController.swift */,
				A20000000000000000000021 /* CheckInCameraView.swift */,
				A20000000000000000000022 /* CheckInPhotoUploadPreprocessor.swift */,
				A20000000000000000000031 /* CheckInViewModel.swift */,
			);
			path = CheckIn/Presentation;
			sourceTree = "<group>";
		};
		A00000000000000000000060 /* TaiAssistantTests */ = {
			isa = PBXGroup;
			children = (
				A20000000000000000000048 /* DailyCoachBriefingBuilderTests.swift */,
				A20000000000000000000049 /* NavigationShellContractTests.swift */,
				A2000000000000000000005A /* ConversationStateTransitionTests.swift */,
				A2000000000000000000005B /* MealCapabilityConfirmationTests.swift */,
				A2000000000000000000005C /* ConversationQuickActionLifecycleTests.swift */,
				A20000000000000000000065 /* ConversationPersistenceTests.swift */,
				A20000000000000000000069 /* ConversationSessionRegressionTests.swift */,
				A2000000000000000000006A /* MultiMealDraftIntegrityTests.swift */,
			);
			path = TaiAssistantTests;
			sourceTree = "<group>";
		};
		A00000000000000000000061 /* Analytics */ = {
			isa = PBXGroup;
			children = (
				A20000000000000000000047 /* AnalyticsClient.swift */,
			);
			path = Analytics;
			sourceTree = "<group>";
		};
		A00000000000000000000062 /* Coach */ = {
			isa = PBXGroup;
			children = (
				A00000000000000000000064 /* Coach/Presentation */,
			);
			path = Coach;
			sourceTree = "<group>";
		};
		A00000000000000000000063 /* Home */ = {
			isa = PBXGroup;
			children = (
				A00000000000000000000065 /* Home/Domain */,
				A00000000000000000000066 /* Home/Presentation */,
			);
			path = Home;
			sourceTree = "<group>";
		};
		A00000000000000000000064 /* Coach/Presentation */ = {
			isa = PBXGroup;
			children = (
				A20000000000000000000045 /* CoachView.swift */,
			);
			path = Presentation;
			sourceTree = "<group>";
		};
		A00000000000000000000065 /* Home/Domain */ = {
			isa = PBXGroup;
			children = (
				A20000000000000000000040 /* CoachBriefingModels.swift */,
				A20000000000000000000042 /* CoachBriefingInputFactory.swift */,
				A20000000000000000000041 /* DailyCoachBriefingBuilder.swift */,
			);
			path = Domain;
			sourceTree = "<group>";
		};
		A00000000000000000000066 /* Home/Presentation */ = {
			isa = PBXGroup;
			children = (
				A20000000000000000000043 /* HomeBriefingView.swift */,
				A20000000000000000000044 /* RecommendationWhySheet.swift */,
			);
			path = Presentation;
			sourceTree = "<group>";
		};

		A00000000000000000000070 /* Conversation */ = {
			isa = PBXGroup;
			children = (
				A00000000000000000000071 /* Conversation/Domain */,
				A00000000000000000000072 /* Conversation/Presentation */,
				A00000000000000000000073 /* Conversation/Capabilities */,
				A00000000000000000000075 /* Conversation/Persistence */,
			);
			path = Conversation;
			sourceTree = "<group>";
		};
		A00000000000000000000071 /* Conversation/Domain */ = {
			isa = PBXGroup;
			children = (
				A20000000000000000000050 /* ConversationModels.swift */,
				A20000000000000000000051 /* ConversationSessionStore.swift */,
				A20000000000000000000062 /* ConversationSnapshotCodec.swift */,
				A20000000000000000000063 /* ConversationRestoration.swift */,
				A20000000000000000000066 /* ConversationStartupProbe.swift */,
				A20000000000000000000067 /* ActiveConversationSessionController.swift */,
			);
			path = Domain;
			sourceTree = "<group>";
		};
		A00000000000000000000072 /* Conversation/Presentation */ = {
			isa = PBXGroup;
			children = (
				A20000000000000000000055 /* ConversationViewModel.swift */,
				A20000000000000000000056 /* ConversationView.swift */,
				A20000000000000000000057 /* ConversationComposerView.swift */,
				A20000000000000000000058 /* ConversationMessageRenderer.swift */,
				A20000000000000000000059 /* TaiConversationContainerView.swift */,
			);
			path = Presentation;
			sourceTree = "<group>";
		};
		A00000000000000000000073 /* Conversation/Capabilities */ = {
			isa = PBXGroup;
			children = (
				A00000000000000000000074 /* Meal */,
			);
			path = Capabilities;
			sourceTree = "<group>";
		};
		A00000000000000000000074 /* Meal */ = {
			isa = PBXGroup;
			children = (
				A20000000000000000000052 /* MealCapabilityModels.swift */,
				A20000000000000000000053 /* MealCapabilityController.swift */,
				A20000000000000000000054 /* MealEstimateCardView.swift */,
			);
			path = Meal;
			sourceTree = "<group>";
		};
		A00000000000000000000075 /* Conversation/Persistence */ = {
			isa = PBXGroup;
			children = (
				A20000000000000000000064 /* LocalSwiftDataActiveConversationRepository.swift */,
			);
			path = Persistence;
			sourceTree = "<group>";
		};
/* End PBXGroup section */

/* Begin PBXNativeTarget section */
		A00000000000000000000020 /* TaiAssistant */ = {
			isa = PBXNativeTarget;
			buildConfigurationList = A00000000000000000000022 /* Build configuration list for PBXNativeTarget "TaiAssistant" */;
			buildPhases = (
				A00000000000000000000027 /* Sources */,
				A00000000000000000000028 /* Frameworks */,
				A00000000000000000000029 /* Resources */,
			);
			buildRules = (
			);
			dependencies = (
			);
			name = TaiAssistant;
			productName = TaiAssistant;
			productReference = A20000000000000000000030 /* TaiAssistant.app */;
			productType = "com.apple.product-type.application";
		};

		A00000000000000000000050 /* TaiAssistantTests */ = {
			isa = PBXNativeTarget;
			buildConfigurationList = A00000000000000000000056 /* Build configuration list for PBXNativeTarget "TaiAssistantTests" */;
			buildPhases = (
				A00000000000000000000051 /* Sources */,
				A00000000000000000000067 /* Frameworks */,
			);
			buildRules = (
			);
			dependencies = (
				A00000000000000000000054 /* PBXTargetDependency */,
			);
			name = TaiAssistantTests;
			productName = TaiAssistantTests;
			productReference = A2000000000000000000004A /* TaiAssistantTests.xctest */;
			productType = "com.apple.product-type.bundle.unit-test";
		};
/* End PBXNativeTarget section */

/* Begin PBXProject section */
		A00000000000000000000001 /* Project object */ = {
			isa = PBXProject;
			attributes = {
				BuildIndependentTargetsInParallel = 1;
				LastSwiftUpdateCheck = 1600;
				LastUpgradeCheck = 2640;
				TargetAttributes = {
					A00000000000000000000020 = {
						CreatedOnToolsVersion = 16.0;
					};
					A00000000000000000000050 = {
						CreatedOnToolsVersion = 16.0;
						TestTargetID = A00000000000000000000020;
					};
				};
			};
			buildConfigurationList = A00000000000000000000021 /* Build configuration list for PBXProject "TaiAssistant" */;
			compatibilityVersion = "Xcode 15.0";
			developmentRegion = en;
			hasScannedForEncodings = 0;
			knownRegions = (
				en,
				Base,
			);
			mainGroup = A00000000000000000000002;
			productRefGroup = A00000000000000000000003 /* Products */;
			projectDirPath = "";
			projectRoot = "";
			targets = (
				A00000000000000000000020 /* TaiAssistant */,
				A00000000000000000000050 /* TaiAssistantTests */,
			);
		};
/* End PBXProject section */


/* Begin PBXContainerItemProxy section */
		A00000000000000000000055 /* PBXContainerItemProxy */ = {
			isa = PBXContainerItemProxy;
			containerPortal = A00000000000000000000001 /* Project object */;
			proxyType = 1;
			remoteGlobalIDString = A00000000000000000000020;
			remoteInfo = TaiAssistant;
		};
/* End PBXContainerItemProxy section */

/* Begin PBXTargetDependency section */
		A00000000000000000000054 /* PBXTargetDependency */ = {
			isa = PBXTargetDependency;
			target = A00000000000000000000020 /* TaiAssistant */;
			targetProxy = A00000000000000000000055 /* PBXContainerItemProxy */;
		};
/* End PBXTargetDependency section */

/* Begin PBXResourcesBuildPhase section */
		A00000000000000000000029 /* Resources */ = {
			isa = PBXResourcesBuildPhase;
			buildActionMask = 2147483647;
			files = (
				3D0938442F8E6EB300371EAE /* Assets.xcassets in Resources */,
			);
			runOnlyForDeploymentPostprocessing = 0;
		};
/* End PBXResourcesBuildPhase section */

/* Begin PBXSourcesBuildPhase section */
		A00000000000000000000027 /* Sources */ = {
			isa = PBXSourcesBuildPhase;
			buildActionMask = 2147483647;
			files = (
				A10000000000000000000001 /* AppConfig.swift in Sources */,
				A10000000000000000000002 /* TaiAssistantApp.swift in Sources */,
				A10000000000000000000003 /* AppDependencies.swift in Sources */,
				A10000000000000000000004 /* AppShellView.swift in Sources */,
				A10000000000000000000005 /* AskTaiEntrySheet.swift in Sources */,
				A10000000000000000000006 /* DashboardCard.swift in Sources */,
				A10000000000000000000007 /* FloatingAskTaiButton.swift in Sources */,
				A10000000000000000000008 /* PrimaryCard.swift in Sources */,
				A10000000000000000000009 /* DSColor.swift in Sources */,
				A1000000000000000000000A /* DSSpacing.swift in Sources */,
				A1000000000000000000000B /* AppModelContainerFactory.swift in Sources */,
				A1000000000000000000000C /* PersistenceService.swift in Sources */,
				A1000000000000000000000D /* PreviewSeedData.swift in Sources */,
				A1000000000000000000000E /* PersistentModels.swift in Sources */,
				A1000000000000000000000F /* LocalSwiftDataRepositories.swift in Sources */,
				A10000000000000000000010 /* MockServices.swift in Sources */,
				A10000000000000000000011 /* AIService.swift in Sources */,
				A10000000000000000000012 /* GoalRepository.swift in Sources */,
				A10000000000000000000013 /* HealthService.swift in Sources */,
				A10000000000000000000014 /* MealRepository.swift in Sources */,
				A10000000000000000000015 /* PersistenceRepositories.swift in Sources */,
				A10000000000000000000016 /* DashboardView.swift in Sources */,
				A10000000000000000000017 /* GoalsView.swift in Sources */,
				A10000000000000000000018 /* AskTaiMockResponse.swift in Sources */,
				A10000000000000000000019 /* AskTaiResponseView.swift in Sources */,
				A1000000000000000000001A /* MealCaptureModels.swift in Sources */,
				A1000000000000000000001B /* MealCaptureMockEstimator.swift in Sources */,
				A1000000000000000000001C /* MealCaptureFlowView.swift in Sources */,
				A1000000000000000000001D /* CheckInModels.swift in Sources */,
				A1000000000000000000001E /* CheckInMockInterpreter.swift in Sources */,
				A1000000000000000000001F /* CheckInView.swift in Sources */,
				A10000000000000000000020 /* CheckInCameraController.swift in Sources */,
				A10000000000000000000021 /* CheckInCameraView.swift in Sources */,
				A10000000000000000000022 /* CheckInPhotoUploadPreprocessor.swift in Sources */,
				A10000000000000000000031 /* CheckInViewModel.swift in Sources */,
				A10000000000000000000032 /* AppLegalLinks.swift in Sources */,
				A10000000000000000000033 /* AIDataProcessingConsent.swift in Sources */,
				A10000000000000000000034 /* NutritionEstimateDisclaimer.swift in Sources */,
				A10000000000000000000035 /* PreviewFeatureBadge.swift in Sources */,
				A10000000000000000000036 /* AIDisclosureFootnote.swift in Sources */,
				A10000000000000000000040 /* CoachBriefingModels.swift in Sources */,
				A10000000000000000000041 /* DailyCoachBriefingBuilder.swift in Sources */,
				A10000000000000000000042 /* CoachBriefingInputFactory.swift in Sources */,
				A10000000000000000000043 /* HomeBriefingView.swift in Sources */,
				A10000000000000000000044 /* RecommendationWhySheet.swift in Sources */,
				A10000000000000000000045 /* CoachView.swift in Sources */,
				A10000000000000000000046 /* CheckInChooserView.swift in Sources */,
				A10000000000000000000047 /* AnalyticsClient.swift in Sources */,
				A10000000000000000000050 /* ConversationModels.swift in Sources */,
				A10000000000000000000051 /* ConversationSessionStore.swift in Sources */,
				A10000000000000000000052 /* MealCapabilityModels.swift in Sources */,
				A10000000000000000000053 /* MealCapabilityController.swift in Sources */,
				A10000000000000000000054 /* MealEstimateCardView.swift in Sources */,
				A10000000000000000000055 /* ConversationViewModel.swift in Sources */,
				A10000000000000000000056 /* ConversationView.swift in Sources */,
				A10000000000000000000057 /* ConversationComposerView.swift in Sources */,
				A10000000000000000000058 /* ConversationMessageRenderer.swift in Sources */,
				A10000000000000000000059 /* TaiConversationContainerView.swift in Sources */,
				A10000000000000000000060 /* ConversationPersistentModels.swift in Sources */,
				A10000000000000000000061 /* ActiveConversationRepository.swift in Sources */,
				A10000000000000000000062 /* ConversationSnapshotCodec.swift in Sources */,
				A10000000000000000000063 /* ConversationRestoration.swift in Sources */,
				A10000000000000000000064 /* LocalSwiftDataActiveConversationRepository.swift in Sources */,
				A10000000000000000000066 /* ConversationStartupProbe.swift in Sources */,
				A10000000000000000000067 /* ActiveConversationSessionController.swift in Sources */,
				A10000000000000000000068 /* TaiLaunchIntent.swift in Sources */,
			);
			runOnlyForDeploymentPostprocessing = 0;
		};
		A00000000000000000000051 /* Sources */ = {
			isa = PBXSourcesBuildPhase;
			buildActionMask = 2147483647;
			files = (
				A10000000000000000000048 /* DailyCoachBriefingBuilderTests.swift in Sources */,
				A10000000000000000000049 /* NavigationShellContractTests.swift in Sources */,
				A1000000000000000000005A /* ConversationStateTransitionTests.swift in Sources */,
				A1000000000000000000005B /* MealCapabilityConfirmationTests.swift in Sources */,
				A1000000000000000000005C /* ConversationQuickActionLifecycleTests.swift in Sources */,
				A10000000000000000000065 /* ConversationPersistenceTests.swift in Sources */,
				A10000000000000000000069 /* ConversationSessionRegressionTests.swift in Sources */,
				A1000000000000000000006A /* MultiMealDraftIntegrityTests.swift in Sources */,
			);
			runOnlyForDeploymentPostprocessing = 0;
		};
/* End PBXSourcesBuildPhase section */

/* Begin XCBuildConfiguration section */
		A00000000000000000000023 /* Debug */ = {
			isa = XCBuildConfiguration;
			baseConfigurationReference = A20000000000000000000036 /* TaiAssistant.xcconfig */;
			buildSettings = {
				ALWAYS_SEARCH_USER_PATHS = NO;
				ASSETCATALOG_COMPILER_GENERATE_SWIFT_ASSET_SYMBOL_EXTENSIONS = YES;
				CLANG_ANALYZER_NONNULL = YES;
				CLANG_ANALYZER_NUMBER_OBJECT_CONVERSION = YES_AGGRESSIVE;
				CLANG_CXX_LANGUAGE_STANDARD = "gnu++20";
				CLANG_ENABLE_MODULES = YES;
				CLANG_ENABLE_OBJC_ARC = YES;
				CLANG_ENABLE_OBJC_WEAK = YES;
				CLANG_WARN_BLOCK_CAPTURE_AUTORELEASING = YES;
				CLANG_WARN_BOOL_CONVERSION = YES;
				CLANG_WARN_COMMA = YES;
				CLANG_WARN_CONSTANT_CONVERSION = YES;
				CLANG_WARN_DEPRECATED_OBJC_IMPLEMENTATIONS = YES;
				CLANG_WARN_DIRECT_OBJC_ISA_USAGE = YES_ERROR;
				CLANG_WARN_DOCUMENTATION_COMMENTS = YES;
				CLANG_WARN_EMPTY_BODY = YES;
				CLANG_WARN_ENUM_CONVERSION = YES;
				CLANG_WARN_INFINITE_RECURSION = YES;
				CLANG_WARN_INT_CONVERSION = YES;
				CLANG_WARN_NON_LITERAL_NULL_CONVERSION = YES;
				CLANG_WARN_OBJC_IMPLICIT_RETAIN_SELF = YES;
				CLANG_WARN_OBJC_LITERAL_CONVERSION = YES;
				CLANG_WARN_OBJC_ROOT_CLASS = YES_ERROR;
				CLANG_WARN_QUOTED_INCLUDE_IN_FRAMEWORK_HEADER = YES;
				CLANG_WARN_RANGE_LOOP_ANALYSIS = YES;
				CLANG_WARN_STRICT_PROTOTYPES = YES;
				CLANG_WARN_SUSPICIOUS_MOVE = YES;
				CLANG_WARN_UNGUARDED_AVAILABILITY = YES_AGGRESSIVE;
				CLANG_WARN_UNREACHABLE_CODE = YES;
				CLANG_WARN__DUPLICATE_METHOD_MATCH = YES;
				COPY_PHASE_STRIP = NO;
				DEBUG_INFORMATION_FORMAT = dwarf;
				DEVELOPMENT_TEAM = ZSQ3Z4VS4N;
				ENABLE_STRICT_OBJC_MSGSEND = YES;
				ENABLE_TESTABILITY = YES;
				ENABLE_USER_SCRIPT_SANDBOXING = YES;
				GCC_C_LANGUAGE_STANDARD = gnu17;
				GCC_DYNAMIC_NO_PIC = NO;
				GCC_NO_COMMON_BLOCKS = YES;
				GCC_OPTIMIZATION_LEVEL = 0;
				GCC_PREPROCESSOR_DEFINITIONS = (
					"DEBUG=1",
					"$(inherited)",
				);
				GCC_WARN_64_TO_32_BIT_CONVERSION = YES;
				GCC_WARN_ABOUT_RETURN_TYPE = YES_ERROR;
				GCC_WARN_UNDECLARED_SELECTOR = YES;
				GCC_WARN_UNINITIALIZED_AUTOS = YES_AGGRESSIVE;
				GCC_WARN_UNUSED_FUNCTION = YES;
				GCC_WARN_UNUSED_VARIABLE = YES;
				IPHONEOS_DEPLOYMENT_TARGET = 17.0;
				MTL_ENABLE_DEBUG_INFO = INCLUDE_SOURCE;
				MTL_FAST_MATH = YES;
				ONLY_ACTIVE_ARCH = YES;
				SDKROOT = iphoneos;
				STRING_CATALOG_GENERATE_SYMBOLS = YES;
				SWIFT_ACTIVE_COMPILATION_CONDITIONS = "DEBUG $(inherited)";
				SWIFT_OPTIMIZATION_LEVEL = "-Onone";
			};
			name = Debug;
		};
		A00000000000000000000024 /* Release */ = {
			isa = XCBuildConfiguration;
			baseConfigurationReference = A20000000000000000000036 /* TaiAssistant.xcconfig */;
			buildSettings = {
				ALWAYS_SEARCH_USER_PATHS = NO;
				ASSETCATALOG_COMPILER_GENERATE_SWIFT_ASSET_SYMBOL_EXTENSIONS = YES;
				CLANG_ANALYZER_NONNULL = YES;
				CLANG_ANALYZER_NUMBER_OBJECT_CONVERSION = YES_AGGRESSIVE;
				CLANG_CXX_LANGUAGE_STANDARD = "gnu++20";
				CLANG_ENABLE_MODULES = YES;
				CLANG_ENABLE_OBJC_ARC = YES;
				CLANG_ENABLE_OBJC_WEAK = YES;
				CLANG_WARN_BLOCK_CAPTURE_AUTORELEASING = YES;
				CLANG_WARN_BOOL_CONVERSION = YES;
				CLANG_WARN_COMMA = YES;
				CLANG_WARN_CONSTANT_CONVERSION = YES;
				CLANG_WARN_DEPRECATED_OBJC_IMPLEMENTATIONS = YES;
				CLANG_WARN_DIRECT_OBJC_ISA_USAGE = YES_ERROR;
				CLANG_WARN_DOCUMENTATION_COMMENTS = YES;
				CLANG_WARN_EMPTY_BODY = YES;
				CLANG_WARN_ENUM_CONVERSION = YES;
				CLANG_WARN_INFINITE_RECURSION = YES;
				CLANG_WARN_INT_CONVERSION = YES;
				CLANG_WARN_NON_LITERAL_NULL_CONVERSION = YES;
				CLANG_WARN_OBJC_IMPLICIT_RETAIN_SELF = YES;
				CLANG_WARN_OBJC_LITERAL_CONVERSION = YES;
				CLANG_WARN_OBJC_ROOT_CLASS = YES_ERROR;
				CLANG_WARN_QUOTED_INCLUDE_IN_FRAMEWORK_HEADER = YES;
				CLANG_WARN_RANGE_LOOP_ANALYSIS = YES;
				CLANG_WARN_STRICT_PROTOTYPES = YES;
				CLANG_WARN_SUSPICIOUS_MOVE = YES;
				CLANG_WARN_UNGUARDED_AVAILABILITY = YES_AGGRESSIVE;
				CLANG_WARN_UNREACHABLE_CODE = YES;
				CLANG_WARN__DUPLICATE_METHOD_MATCH = YES;
				COPY_PHASE_STRIP = NO;
				DEBUG_INFORMATION_FORMAT = "dwarf-with-dsym";
				DEVELOPMENT_TEAM = ZSQ3Z4VS4N;
				ENABLE_NS_ASSERTIONS = NO;
				ENABLE_STRICT_OBJC_MSGSEND = YES;
				ENABLE_USER_SCRIPT_SANDBOXING = YES;
				GCC_C_LANGUAGE_STANDARD = gnu17;
				GCC_NO_COMMON_BLOCKS = YES;
				GCC_WARN_64_TO_32_BIT_CONVERSION = YES;
				GCC_WARN_ABOUT_RETURN_TYPE = YES_ERROR;
				GCC_WARN_UNDECLARED_SELECTOR = YES;
				GCC_WARN_UNINITIALIZED_AUTOS = YES_AGGRESSIVE;
				GCC_WARN_UNUSED_FUNCTION = YES;
				GCC_WARN_UNUSED_VARIABLE = YES;
				IPHONEOS_DEPLOYMENT_TARGET = 17.0;
				MTL_ENABLE_DEBUG_INFO = NO;
				MTL_FAST_MATH = YES;
				SDKROOT = iphoneos;
				STRING_CATALOG_GENERATE_SYMBOLS = YES;
				SWIFT_COMPILATION_MODE = wholemodule;
				VALIDATE_PRODUCT = YES;
			};
			name = Release;
		};
		A00000000000000000000025 /* Debug */ = {
			isa = XCBuildConfiguration;
			buildSettings = {
				ASSETCATALOG_COMPILER_APPICON_NAME = AppIcon;
				ASSETCATALOG_COMPILER_INCLUDE_ALL_APPICON_ASSETS = NO;
				CODE_SIGN_STYLE = Automatic;
				CURRENT_PROJECT_VERSION = 1;
				GENERATE_INFOPLIST_FILE = YES;
				INFOPLIST_FILE = TaiAssistant/Config/SecretsInfo.plist;
				INFOPLIST_KEY_UIApplicationSceneManifest_Generation = YES;
				INFOPLIST_KEY_UIApplicationSupportsIndirectInputEvents = YES;
				INFOPLIST_KEY_NSCameraUsageDescription = "Capture meal photos so Tai can use AI to estimate nutrition.";
				INFOPLIST_KEY_NSPhotoLibraryUsageDescription = "Choose meal photos from your library so Tai can use AI to estimate nutrition.";
				INFOPLIST_KEY_NSAppTransportSecurity_NSAllowsLocalNetworking = YES;
				INFOPLIST_KEY_UILaunchScreen_Generation = YES;
				IPHONEOS_DEPLOYMENT_TARGET = 17.0;
				LD_RUNPATH_SEARCH_PATHS = (
					"$(inherited)",
					"@executable_path/Frameworks",
				);
				MARKETING_VERSION = 1.0;
				PRODUCT_BUNDLE_IDENTIFIER = com.william.taiassistant;
				PRODUCT_NAME = "$(TARGET_NAME)";
				SDKROOT = iphoneos;
				SUPPORTED_PLATFORMS = "iphonesimulator iphoneos";
				SUPPORTS_MACCATALYST = NO;
				SWIFT_EMIT_LOC_STRINGS = YES;
				SWIFT_VERSION = 5.0;
				TARGETED_DEVICE_FAMILY = 1;
			};
			name = Debug;
		};
		A00000000000000000000026 /* Release */ = {
			isa = XCBuildConfiguration;
			buildSettings = {
				ASSETCATALOG_COMPILER_APPICON_NAME = AppIcon;
				ASSETCATALOG_COMPILER_INCLUDE_ALL_APPICON_ASSETS = NO;
				CODE_SIGN_STYLE = Automatic;
				CURRENT_PROJECT_VERSION = 1;
				GENERATE_INFOPLIST_FILE = YES;
				INFOPLIST_FILE = TaiAssistant/Config/SecretsInfo.plist;
				INFOPLIST_KEY_UIApplicationSceneManifest_Generation = YES;
				INFOPLIST_KEY_UIApplicationSupportsIndirectInputEvents = YES;
				INFOPLIST_KEY_NSCameraUsageDescription = "Capture meal photos so Tai can use AI to estimate nutrition.";
				INFOPLIST_KEY_NSPhotoLibraryUsageDescription = "Choose meal photos from your library so Tai can use AI to estimate nutrition.";
				INFOPLIST_KEY_UILaunchScreen_Generation = YES;
				IPHONEOS_DEPLOYMENT_TARGET = 17.0;
				LD_RUNPATH_SEARCH_PATHS = (
					"$(inherited)",
					"@executable_path/Frameworks",
				);
				MARKETING_VERSION = 1.0;
				PRODUCT_BUNDLE_IDENTIFIER = com.william.taiassistant;
				PRODUCT_NAME = "$(TARGET_NAME)";
				SDKROOT = iphoneos;
				SUPPORTED_PLATFORMS = "iphonesimulator iphoneos";
				SUPPORTS_MACCATALYST = NO;
				SWIFT_EMIT_LOC_STRINGS = YES;
				SWIFT_VERSION = 5.0;
				TARGETED_DEVICE_FAMILY = 1;
			};
			name = Release;
		};

		A00000000000000000000057 /* Debug */ = {
			isa = XCBuildConfiguration;
			buildSettings = {
				BUNDLE_LOADER = "$(TEST_HOST)";
				CODE_SIGN_STYLE = Automatic;
				CURRENT_PROJECT_VERSION = 1;
				DEVELOPMENT_TEAM = ZSQ3Z4VS4N;
				GENERATE_INFOPLIST_FILE = YES;
				IPHONEOS_DEPLOYMENT_TARGET = 17.0;
				MARKETING_VERSION = 1.0;
				PRODUCT_BUNDLE_IDENTIFIER = com.william.taiassistant.tests;
				PRODUCT_NAME = "$(TARGET_NAME)";
				SDKROOT = iphoneos;
				SUPPORTED_PLATFORMS = "iphonesimulator iphoneos";
				SWIFT_EMIT_LOC_STRINGS = NO;
				SWIFT_VERSION = 5.0;
				TARGETED_DEVICE_FAMILY = 1;
				TEST_HOST = "$(BUILT_PRODUCTS_DIR)/TaiAssistant.app/TaiAssistant";
			};
			name = Debug;
		};
		A00000000000000000000058 /* Release */ = {
			isa = XCBuildConfiguration;
			buildSettings = {
				BUNDLE_LOADER = "$(TEST_HOST)";
				CODE_SIGN_STYLE = Automatic;
				CURRENT_PROJECT_VERSION = 1;
				DEVELOPMENT_TEAM = ZSQ3Z4VS4N;
				GENERATE_INFOPLIST_FILE = YES;
				IPHONEOS_DEPLOYMENT_TARGET = 17.0;
				MARKETING_VERSION = 1.0;
				PRODUCT_BUNDLE_IDENTIFIER = com.william.taiassistant.tests;
				PRODUCT_NAME = "$(TARGET_NAME)";
				SDKROOT = iphoneos;
				SUPPORTED_PLATFORMS = "iphonesimulator iphoneos";
				SWIFT_EMIT_LOC_STRINGS = NO;
				SWIFT_VERSION = 5.0;
				TARGETED_DEVICE_FAMILY = 1;
				TEST_HOST = "$(BUILT_PRODUCTS_DIR)/TaiAssistant.app/TaiAssistant";
			};
			name = Release;
		};
/* End XCBuildConfiguration section */

/* Begin XCConfigurationList section */
		A00000000000000000000021 /* Build configuration list for PBXProject "TaiAssistant" */ = {
			isa = XCConfigurationList;
			buildConfigurations = (
				A00000000000000000000023 /* Debug */,
				A00000000000000000000024 /* Release */,
			);
			defaultConfigurationIsVisible = 0;
			defaultConfigurationName = Release;
		};
		A00000000000000000000022 /* Build configuration list for PBXNativeTarget "TaiAssistant" */ = {
			isa = XCConfigurationList;
			buildConfigurations = (
				A00000000000000000000025 /* Debug */,
				A00000000000000000000026 /* Release */,
			);
			defaultConfigurationIsVisible = 0;
			defaultConfigurationName = Release;
		};
		A00000000000000000000056 /* Build configuration list for PBXNativeTarget "TaiAssistantTests" */ = {
			isa = XCConfigurationList;
			buildConfigurations = (
				A00000000000000000000057 /* Debug */,
				A00000000000000000000058 /* Release */,
			);
			defaultConfigurationIsVisible = 0;
			defaultConfigurationName = Release;
		};
/* End XCConfigurationList section */
	};
	rootObject = A00000000000000000000001 /* Project object */;
}
